
Microsoft Visual Studio Solution File, Format Version 12.00
# Visual Studio Version 17
VisualStudioVersion = 17.11.35312.102
MinimumVisualStudioVersion = 10.0.40219.1
Project("{8BC9CEB8-8B4A-11D0-8D11-00A0C91BC942}") = "ConsoleApplication1", "ConsoleApplication1\ConsoleApplication1.vcxproj", "{9384C90A-70DD-4807-92B1-B169D38ADB20}"
EndProject
Project("{8BC9CEB8-8B4A-11D0-8D11-00A0C91BC942}") = "UnitTest1", "UnitTest1\UnitTest1.vcxproj", "{AFBFBB39-DE08-45EF-9DEC-B96EAF1254B4}"
EndProject
Global
	GlobalSection(SolutionConfigurationPlatforms) = preSolution
		Debug|x64 = Debug|x64
		Debug|x86 = Debug|x86
		Release|x64 = Release|x64
		Release|x86 = Release|x86
	EndGlobalSection
	GlobalSection(ProjectConfigurationPlatforms) = postSolution
		{9384C90A-70DD-4807-92B1-B169D38ADB20}.Debug|x64.ActiveCfg = Debug|x64
		{9384C90A-70DD-4807-92B1-B169D38ADB20}.Debug|x64.Build.0 = Debug|x64
		{9384C90A-70DD-4807-92B1-B169D38ADB20}.Debug|x86.ActiveCfg = Debug|Win32
		{9384C90A-70DD-4807-92B1-B169D38ADB20}.Debug|x86.Build.0 = Debug|Win32
		{9384C90A-70DD-4807-92B1-B169D38ADB20}.Release|x64.ActiveCfg = Release|x64
		{9384C90A-70DD-4807-92B1-B169D38ADB20}.Release|x64.Build.0 = Release|x64
		{9384C90A-70DD-4807-92B1-B169D38ADB20}.Release|x86.ActiveCfg = Release|Win32
		{9384C90A-70DD-4807-92B1-B169D38ADB20}.Release|x86.Build.0 = Release|Win32
		{AFBFBB39-DE08-45EF-9DEC-B96EAF1254B4}.Debug|x64.ActiveCfg = Debug|x64
		{AFBFBB39-DE08-45EF-9DEC-B96EAF1254B4}.Debug|x64.Build.0 = Debug|x64
		{AFBFBB39-DE08-45EF-9DEC-B96EAF1254B4}.Debug|x86.ActiveCfg = Debug|Win32
		{AFBFBB39-DE08-45EF-9DEC-B96EAF1254B4}.Debug|x86.Build.0 = Debug|Win32
		{AFBFBB39-DE08-45EF-9DEC-B96EAF1254B4}.Release|x64.ActiveCfg = Release|x64
		{AFBFBB39-DE08-45EF-9DEC-B96EAF1254B4}.Release|x64.Build.0 = Release|x64
		{AFBFBB39-DE08-45EF-9DEC-B96EAF1254B4}.Release|x86.ActiveCfg = Release|Win32
		{AFBFBB39-DE08-45EF-9DEC-B96EAF1254B4}.Release|x86.Build.0 = Release|Win32
	EndGlobalSection
	GlobalSection(SolutionProperties) = preSolution
		HideSolutionNode = FALSE
	EndGlobalSection
	GlobalSection(ExtensibilityGlobals) = postSolution
		SolutionGuid = {187B1E23-05D7-4F5B-B176-F1FAEEC7D84D}
	EndGlobalSection
EndGlobal
